
Microsoft Visual Studio Solution File, Format Version 12.00
# Visual Studio Version 16
VisualStudioVersion = 16.0.30711.63
MinimumVisualStudioVersion = 10.0.40219.1
Project("{9A19103F-16F7-4668-BE54-9A1E7A4F7556}") = "XOApp", "XOApp\XOApp.csproj", "{C2024D5C-4F88-4D32-88E8-6F5555BE4183}"
EndProject
Project("{9A19103F-16F7-4668-BE54-9A1E7A4F7556}") = "XOAppTest", "XOAppTest\XOAppTest.csproj", "{D2128716-57D7-4B31-8C50-CA32158A5E49}"
EndProject
Project("{2150E333-8FDC-42A3-9474-1A3956D46DE8}") = "Contracts", "Contracts", "{AAF28DC9-BF48-4F49-8187-AD0F82EA4C66}"
EndProject
Project("{9A19103F-16F7-4668-BE54-9A1E7A4F7556}") = "XOContracts", "XOContracts\XOContracts.csproj", "{7183EC52-CECC-46F4-9351-F709C40F7D71}"
EndProject
Project("{2150E333-8FDC-42A3-9474-1A3956D46DE8}") = "Services", "Services", "{EB1CBBD7-9B48-4FA9-A4F2-771FF4DB37BD}"
EndProject
Project("{9A19103F-16F7-4668-BE54-9A1E7A4F7556}") = "XOBoardMatImpl", "XOBoardMatImpl\XOBoardMatImpl.csproj", "{1C8539FC-FE11-42CB-994D-52B0F452C7B3}"
EndProject
Project("{9A19103F-16F7-4668-BE54-9A1E7A4F7556}") = "XOBoardViewImpl", "XOBoardViewImpl\XOBoardViewImpl.csproj", "{0482FA2A-D226-413F-8996-FA2DA6A727B5}"
EndProject
Project("{2150E333-8FDC-42A3-9474-1A3956D46DE8}") = "Infrastructure", "Infrastructure", "{57BFC1F5-B7A7-4411-B5F6-63555D78B470}"
EndProject
Project("{9A19103F-16F7-4668-BE54-9A1E7A4F7556}") = "InfraAttributes", "InfraAttributes\InfraAttributes.csproj", "{3E21B3D9-90E7-4379-845A-D3221F321D18}"
EndProject
Project("{9A19103F-16F7-4668-BE54-9A1E7A4F7556}") = "FactoryImpl", "FactoryImpl\FactoryImpl.csproj", "{191174A0-FDF9-4CF7-B7BF-F476B11ACF3F}"
EndProject
Project("{9A19103F-16F7-4668-BE54-9A1E7A4F7556}") = "HelloWebApp", "HelloWebApp\HelloWebApp.csproj", "{E4296A12-500C-463E-95FF-088D0BB175AD}"
EndProject
Project("{9A19103F-16F7-4668-BE54-9A1E7A4F7556}") = "XOAppWeb", "XOAppWeb\XOAppWeb.csproj", "{4F97F33C-E7EE-48FF-A415-5E9A8632BFD1}"
EndProject
Project("{2150E333-8FDC-42A3-9474-1A3956D46DE8}") = "DTO", "DTO", "{BBF658E4-498B-47E7-86B8-87DD8D61022D}"
EndProject
Project("{9A19103F-16F7-4668-BE54-9A1E7A4F7556}") = "XODTO", "XODTO\XODTO.csproj", "{516AE61B-81FC-4278-BA4C-F74E167BB716}"
EndProject
Project("{9A19103F-16F7-4668-BE54-9A1E7A4F7556}") = "XOServerContracts", "XOServerContracts\XOServerContracts.csproj", "{B66AC187-A05A-49BC-988D-D5738271C873}"
EndProject
Project("{9A19103F-16F7-4668-BE54-9A1E7A4F7556}") = "XOBoardService", "XOBoardService\XOBoardService.csproj", "{A859A798-EA05-4514-8099-CE051496718E}"
EndProject
Project("{2150E333-8FDC-42A3-9474-1A3956D46DE8}") = "DAL", "DAL", "{A6C1B55E-BF8B-44CF-9309-EDBB1880829C}"
EndProject
Project("{9A19103F-16F7-4668-BE54-9A1E7A4F7556}") = "DataBaseDemo", "DataBaseDemo\DataBaseDemo.csproj", "{B8A4D2A3-A48E-4ED3-8BA8-185B024804D3}"
EndProject
Project("{9A19103F-16F7-4668-BE54-9A1E7A4F7556}") = "SQLInfraDAL", "SQLInfraDAL\SQLInfraDAL.csproj", "{0A7124A2-0114-409B-A49C-B036EF62209F}"
EndProject
Project("{9A19103F-16F7-4668-BE54-9A1E7A4F7556}") = "DalInfraContracts", "DalInfraContracts\DalInfraContracts.csproj", "{FE03DD09-0AA9-4A1D-B7F0-87EB5214BA2C}"
EndProject
Project("{9A19103F-16F7-4668-BE54-9A1E7A4F7556}") = "RandomPlayerImpl", "RandomPlayerImpl\RandomPlayerImpl.csproj", "{E7FFDF5A-70CA-4D6B-93D6-5EB9E1E6C39D}"
EndProject
Project("{2150E333-8FDC-42A3-9474-1A3956D46DE8}") = "FinalExerciseModuleA", "FinalExerciseModuleA", "{BFBFCFF2-9E46-4921-A9C2-8A6E956EAE8E}"
EndProject
Project("{9A19103F-16F7-4668-BE54-9A1E7A4F7556}") = "ScanPlayerImpl", "ScanPlayerImpl\ScanPlayerImpl.csproj", "{1F5BC4D1-0077-4995-9BF9-22BAE9A2CF0B}"
EndProject
Project("{9A19103F-16F7-4668-BE54-9A1E7A4F7556}") = "XOPlayersContracts", "XOPlayersContracts\XOPlayersContracts.csproj", "{730DE328-F32B-4817-9EC9-9873698FCCA1}"
EndProject
Project("{9A19103F-16F7-4668-BE54-9A1E7A4F7556}") = "PlayerImpl", "PlayerImpl\PlayerImpl.csproj", "{A4813DDA-11E6-4FE6-ABD6-573EC06F1DE5}"
EndProject
Project("{9A19103F-16F7-4668-BE54-9A1E7A4F7556}") = "UserServiceImpl", "UserServiceImpl\UserServiceImpl.csproj", "{CAAC50EA-6ABD-4989-B01D-80119B8907E5}"
EndProject
Project("{9A19103F-16F7-4668-BE54-9A1E7A4F7556}") = "GameServiceImpl", "GameServiceImpl\GameServiceImpl.csproj", "{3A852E6E-13A8-46BA-96AC-F35AE7FF614D}"
EndProject
Project("{9A19103F-16F7-4668-BE54-9A1E7A4F7556}") = "GamePlatformServiceImpl", "GamePlatformService\GamePlatformServiceImpl.csproj", "{6C781B29-B9FF-4E37-801C-FD37A1BA3BAF}"
EndProject
Project("{9A19103F-16F7-4668-BE54-9A1E7A4F7556}") = "PlayersServiceImpl", "PlayersImpl\PlayersServiceImpl.csproj", "{41D91A7C-7938-4A8E-ADAF-9443C9AB8B7F}"
EndProject
Project("{FAE04EC0-301F-11D3-BF4B-00C04F79EFBC}") = "GameValueImpl", "GamePlatformDictValue\GameValueImpl.csproj", "{9AC3FCA8-F517-447C-A093-06417F259CA7}"
EndProject
Global
	GlobalSection(SolutionConfigurationPlatforms) = preSolution
		Debug|Any CPU = Debug|Any CPU
		Release|Any CPU = Release|Any CPU
	EndGlobalSection
	GlobalSection(ProjectConfigurationPlatforms) = postSolution
		{C2024D5C-4F88-4D32-88E8-6F5555BE4183}.Debug|Any CPU.ActiveCfg = Debug|Any CPU
		{C2024D5C-4F88-4D32-88E8-6F5555BE4183}.Debug|Any CPU.Build.0 = Debug|Any CPU
		{C2024D5C-4F88-4D32-88E8-6F5555BE4183}.Release|Any CPU.ActiveCfg = Release|Any CPU
		{C2024D5C-4F88-4D32-88E8-6F5555BE4183}.Release|Any CPU.Build.0 = Release|Any CPU
		{D2128716-57D7-4B31-8C50-CA32158A5E49}.Debug|Any CPU.ActiveCfg = Debug|Any CPU
		{D2128716-57D7-4B31-8C50-CA32158A5E49}.Debug|Any CPU.Build.0 = Debug|Any CPU
		{D2128716-57D7-4B31-8C50-CA32158A5E49}.Release|Any CPU.ActiveCfg = Release|Any CPU
		{D2128716-57D7-4B31-8C50-CA32158A5E49}.Release|Any CPU.Build.0 = Release|Any CPU
		{7183EC52-CECC-46F4-9351-F709C40F7D71}.Debug|Any CPU.ActiveCfg = Debug|Any CPU
		{7183EC52-CECC-46F4-9351-F709C40F7D71}.Debug|Any CPU.Build.0 = Debug|Any CPU
		{7183EC52-CECC-46F4-9351-F709C40F7D71}.Release|Any CPU.ActiveCfg = Release|Any CPU
		{7183EC52-CECC-46F4-9351-F709C40F7D71}.Release|Any CPU.Build.0 = Release|Any CPU
		{1C8539FC-FE11-42CB-994D-52B0F452C7B3}.Debug|Any CPU.ActiveCfg = Debug|Any CPU
		{1C8539FC-FE11-42CB-994D-52B0F452C7B3}.Debug|Any CPU.Build.0 = Debug|Any CPU
		{1C8539FC-FE11-42CB-994D-52B0F452C7B3}.Release|Any CPU.ActiveCfg = Release|Any CPU
		{1C8539FC-FE11-42CB-994D-52B0F452C7B3}.Release|Any CPU.Build.0 = Release|Any CPU
		{0482FA2A-D226-413F-8996-FA2DA6A727B5}.Debug|Any CPU.ActiveCfg = Debug|Any CPU
		{0482FA2A-D226-413F-8996-FA2DA6A727B5}.Debug|Any CPU.Build.0 = Debug|Any CPU
		{0482FA2A-D226-413F-8996-FA2DA6A727B5}.Release|Any CPU.ActiveCfg = Release|Any CPU
		{0482FA2A-D226-413F-8996-FA2DA6A727B5}.Release|Any CPU.Build.0 = Release|Any CPU
		{3E21B3D9-90E7-4379-845A-D3221F321D18}.Debug|Any CPU.ActiveCfg = Debug|Any CPU
		{3E21B3D9-90E7-4379-845A-D3221F321D18}.Debug|Any CPU.Build.0 = Debug|Any CPU
		{3E21B3D9-90E7-4379-845A-D3221F321D18}.Release|Any CPU.ActiveCfg = Release|Any CPU
		{3E21B3D9-90E7-4379-845A-D3221F321D18}.Release|Any CPU.Build.0 = Release|Any CPU
		{191174A0-FDF9-4CF7-B7BF-F476B11ACF3F}.Debug|Any CPU.ActiveCfg = Debug|Any CPU
		{191174A0-FDF9-4CF7-B7BF-F476B11ACF3F}.Debug|Any CPU.Build.0 = Debug|Any CPU
		{191174A0-FDF9-4CF7-B7BF-F476B11ACF3F}.Release|Any CPU.ActiveCfg = Release|Any CPU
		{191174A0-FDF9-4CF7-B7BF-F476B11ACF3F}.Release|Any CPU.Build.0 = Release|Any CPU
		{E4296A12-500C-463E-95FF-088D0BB175AD}.Debug|Any CPU.ActiveCfg = Debug|Any CPU
		{E4296A12-500C-463E-95FF-088D0BB175AD}.Debug|Any CPU.Build.0 = Debug|Any CPU
		{E4296A12-500C-463E-95FF-088D0BB175AD}.Release|Any CPU.ActiveCfg = Release|Any CPU
		{E4296A12-500C-463E-95FF-088D0BB175AD}.Release|Any CPU.Build.0 = Release|Any CPU
		{4F97F33C-E7EE-48FF-A415-5E9A8632BFD1}.Debug|Any CPU.ActiveCfg = Debug|Any CPU
		{4F97F33C-E7EE-48FF-A415-5E9A8632BFD1}.Debug|Any CPU.Build.0 = Debug|Any CPU
		{4F97F33C-E7EE-48FF-A415-5E9A8632BFD1}.Release|Any CPU.ActiveCfg = Release|Any CPU
		{4F97F33C-E7EE-48FF-A415-5E9A8632BFD1}.Release|Any CPU.Build.0 = Release|Any CPU
		{516AE61B-81FC-4278-BA4C-F74E167BB716}.Debug|Any CPU.ActiveCfg = Debug|Any CPU
		{516AE61B-81FC-4278-BA4C-F74E167BB716}.Debug|Any CPU.Build.0 = Debug|Any CPU
		{516AE61B-81FC-4278-BA4C-F74E167BB716}.Release|Any CPU.ActiveCfg = Release|Any CPU
		{516AE61B-81FC-4278-BA4C-F74E167BB716}.Release|Any CPU.Build.0 = Release|Any CPU
		{B66AC187-A05A-49BC-988D-D5738271C873}.Debug|Any CPU.ActiveCfg = Debug|Any CPU
		{B66AC187-A05A-49BC-988D-D5738271C873}.Debug|Any CPU.Build.0 = Debug|Any CPU
		{B66AC187-A05A-49BC-988D-D5738271C873}.Release|Any CPU.ActiveCfg = Release|Any CPU
		{B66AC187-A05A-49BC-988D-D5738271C873}.Release|Any CPU.Build.0 = Release|Any CPU
		{A859A798-EA05-4514-8099-CE051496718E}.Debug|Any CPU.ActiveCfg = Debug|Any CPU
		{A859A798-EA05-4514-8099-CE051496718E}.Debug|Any CPU.Build.0 = Debug|Any CPU
		{A859A798-EA05-4514-8099-CE051496718E}.Release|Any CPU.ActiveCfg = Release|Any CPU
		{A859A798-EA05-4514-8099-CE051496718E}.Release|Any CPU.Build.0 = Release|Any CPU
		{B8A4D2A3-A48E-4ED3-8BA8-185B024804D3}.Debug|Any CPU.ActiveCfg = Debug|Any CPU
		{B8A4D2A3-A48E-4ED3-8BA8-185B024804D3}.Debug|Any CPU.Build.0 = Debug|Any CPU
		{B8A4D2A3-A48E-4ED3-8BA8-185B024804D3}.Release|Any CPU.ActiveCfg = Release|Any CPU
		{B8A4D2A3-A48E-4ED3-8BA8-185B024804D3}.Release|Any CPU.Build.0 = Release|Any CPU
		{0A7124A2-0114-409B-A49C-B036EF62209F}.Debug|Any CPU.ActiveCfg = Debug|Any CPU
		{0A7124A2-0114-409B-A49C-B036EF62209F}.Debug|Any CPU.Build.0 = Debug|Any CPU
		{0A7124A2-0114-409B-A49C-B036EF62209F}.Release|Any CPU.ActiveCfg = Release|Any CPU
		{0A7124A2-0114-409B-A49C-B036EF62209F}.Release|Any CPU.Build.0 = Release|Any CPU
		{FE03DD09-0AA9-4A1D-B7F0-87EB5214BA2C}.Debug|Any CPU.ActiveCfg = Debug|Any CPU
		{FE03DD09-0AA9-4A1D-B7F0-87EB5214BA2C}.Debug|Any CPU.Build.0 = Debug|Any CPU
		{FE03DD09-0AA9-4A1D-B7F0-87EB5214BA2C}.Release|Any CPU.ActiveCfg = Release|Any CPU
		{FE03DD09-0AA9-4A1D-B7F0-87EB5214BA2C}.Release|Any CPU.Build.0 = Release|Any CPU
		{E7FFDF5A-70CA-4D6B-93D6-5EB9E1E6C39D}.Debug|Any CPU.ActiveCfg = Debug|Any CPU
		{E7FFDF5A-70CA-4D6B-93D6-5EB9E1E6C39D}.Debug|Any CPU.Build.0 = Debug|Any CPU
		{E7FFDF5A-70CA-4D6B-93D6-5EB9E1E6C39D}.Release|Any CPU.ActiveCfg = Release|Any CPU
		{E7FFDF5A-70CA-4D6B-93D6-5EB9E1E6C39D}.Release|Any CPU.Build.0 = Release|Any CPU
		{1F5BC4D1-0077-4995-9BF9-22BAE9A2CF0B}.Debug|Any CPU.ActiveCfg = Debug|Any CPU
		{1F5BC4D1-0077-4995-9BF9-22BAE9A2CF0B}.Debug|Any CPU.Build.0 = Debug|Any CPU
		{1F5BC4D1-0077-4995-9BF9-22BAE9A2CF0B}.Release|Any CPU.ActiveCfg = Release|Any CPU
		{1F5BC4D1-0077-4995-9BF9-22BAE9A2CF0B}.Release|Any CPU.Build.0 = Release|Any CPU
		{730DE328-F32B-4817-9EC9-9873698FCCA1}.Debug|Any CPU.ActiveCfg = Debug|Any CPU
		{730DE328-F32B-4817-9EC9-9873698FCCA1}.Debug|Any CPU.Build.0 = Debug|Any CPU
		{730DE328-F32B-4817-9EC9-9873698FCCA1}.Release|Any CPU.ActiveCfg = Release|Any CPU
		{730DE328-F32B-4817-9EC9-9873698FCCA1}.Release|Any CPU.Build.0 = Release|Any CPU
		{A4813DDA-11E6-4FE6-ABD6-573EC06F1DE5}.Debug|Any CPU.ActiveCfg = Debug|Any CPU
		{A4813DDA-11E6-4FE6-ABD6-573EC06F1DE5}.Debug|Any CPU.Build.0 = Debug|Any CPU
		{A4813DDA-11E6-4FE6-ABD6-573EC06F1DE5}.Release|Any CPU.ActiveCfg = Release|Any CPU
		{A4813DDA-11E6-4FE6-ABD6-573EC06F1DE5}.Release|Any CPU.Build.0 = Release|Any CPU
		{CAAC50EA-6ABD-4989-B01D-80119B8907E5}.Debug|Any CPU.ActiveCfg = Debug|Any CPU
		{CAAC50EA-6ABD-4989-B01D-80119B8907E5}.Debug|Any CPU.Build.0 = Debug|Any CPU
		{CAAC50EA-6ABD-4989-B01D-80119B8907E5}.Release|Any CPU.ActiveCfg = Release|Any CPU
		{CAAC50EA-6ABD-4989-B01D-80119B8907E5}.Release|Any CPU.Build.0 = Release|Any CPU
		{3A852E6E-13A8-46BA-96AC-F35AE7FF614D}.Debug|Any CPU.ActiveCfg = Debug|Any CPU
		{3A852E6E-13A8-46BA-96AC-F35AE7FF614D}.Debug|Any CPU.Build.0 = Debug|Any CPU
		{3A852E6E-13A8-46BA-96AC-F35AE7FF614D}.Release|Any CPU.ActiveCfg = Release|Any CPU
		{3A852E6E-13A8-46BA-96AC-F35AE7FF614D}.Release|Any CPU.Build.0 = Release|Any CPU
		{6C781B29-B9FF-4E37-801C-FD37A1BA3BAF}.Debug|Any CPU.ActiveCfg = Debug|Any CPU
		{6C781B29-B9FF-4E37-801C-FD37A1BA3BAF}.Debug|Any CPU.Build.0 = Debug|Any CPU
		{6C781B29-B9FF-4E37-801C-FD37A1BA3BAF}.Release|Any CPU.ActiveCfg = Release|Any CPU
		{6C781B29-B9FF-4E37-801C-FD37A1BA3BAF}.Release|Any CPU.Build.0 = Release|Any CPU
		{41D91A7C-7938-4A8E-ADAF-9443C9AB8B7F}.Debug|Any CPU.ActiveCfg = Debug|Any CPU
		{41D91A7C-7938-4A8E-ADAF-9443C9AB8B7F}.Debug|Any CPU.Build.0 = Debug|Any CPU
		{41D91A7C-7938-4A8E-ADAF-9443C9AB8B7F}.Release|Any CPU.ActiveCfg = Release|Any CPU
		{41D91A7C-7938-4A8E-ADAF-9443C9AB8B7F}.Release|Any CPU.Build.0 = Release|Any CPU
		{9AC3FCA8-F517-447C-A093-06417F259CA7}.Debug|Any CPU.ActiveCfg = Debug|Any CPU
		{9AC3FCA8-F517-447C-A093-06417F259CA7}.Debug|Any CPU.Build.0 = Debug|Any CPU
		{9AC3FCA8-F517-447C-A093-06417F259CA7}.Release|Any CPU.ActiveCfg = Release|Any CPU
		{9AC3FCA8-F517-447C-A093-06417F259CA7}.Release|Any CPU.Build.0 = Release|Any CPU
	EndGlobalSection
	GlobalSection(SolutionProperties) = preSolution
		HideSolutionNode = FALSE
	EndGlobalSection
	GlobalSection(NestedProjects) = preSolution
		{AAF28DC9-BF48-4F49-8187-AD0F82EA4C66} = {BFBFCFF2-9E46-4921-A9C2-8A6E956EAE8E}
		{7183EC52-CECC-46F4-9351-F709C40F7D71} = {AAF28DC9-BF48-4F49-8187-AD0F82EA4C66}
		{EB1CBBD7-9B48-4FA9-A4F2-771FF4DB37BD} = {BFBFCFF2-9E46-4921-A9C2-8A6E956EAE8E}
		{1C8539FC-FE11-42CB-994D-52B0F452C7B3} = {EB1CBBD7-9B48-4FA9-A4F2-771FF4DB37BD}
		{0482FA2A-D226-413F-8996-FA2DA6A727B5} = {EB1CBBD7-9B48-4FA9-A4F2-771FF4DB37BD}
		{3E21B3D9-90E7-4379-845A-D3221F321D18} = {57BFC1F5-B7A7-4411-B5F6-63555D78B470}
		{191174A0-FDF9-4CF7-B7BF-F476B11ACF3F} = {57BFC1F5-B7A7-4411-B5F6-63555D78B470}
		{BBF658E4-498B-47E7-86B8-87DD8D61022D} = {BFBFCFF2-9E46-4921-A9C2-8A6E956EAE8E}
		{516AE61B-81FC-4278-BA4C-F74E167BB716} = {BBF658E4-498B-47E7-86B8-87DD8D61022D}
		{B66AC187-A05A-49BC-988D-D5738271C873} = {AAF28DC9-BF48-4F49-8187-AD0F82EA4C66}
		{A859A798-EA05-4514-8099-CE051496718E} = {EB1CBBD7-9B48-4FA9-A4F2-771FF4DB37BD}
		{A6C1B55E-BF8B-44CF-9309-EDBB1880829C} = {BFBFCFF2-9E46-4921-A9C2-8A6E956EAE8E}
		{B8A4D2A3-A48E-4ED3-8BA8-185B024804D3} = {A6C1B55E-BF8B-44CF-9309-EDBB1880829C}
		{0A7124A2-0114-409B-A49C-B036EF62209F} = {A6C1B55E-BF8B-44CF-9309-EDBB1880829C}
		{FE03DD09-0AA9-4A1D-B7F0-87EB5214BA2C} = {A6C1B55E-BF8B-44CF-9309-EDBB1880829C}
		{E7FFDF5A-70CA-4D6B-93D6-5EB9E1E6C39D} = {EB1CBBD7-9B48-4FA9-A4F2-771FF4DB37BD}
		{1F5BC4D1-0077-4995-9BF9-22BAE9A2CF0B} = {EB1CBBD7-9B48-4FA9-A4F2-771FF4DB37BD}
		{730DE328-F32B-4817-9EC9-9873698FCCA1} = {AAF28DC9-BF48-4F49-8187-AD0F82EA4C66}
		{A4813DDA-11E6-4FE6-ABD6-573EC06F1DE5} = {EB1CBBD7-9B48-4FA9-A4F2-771FF4DB37BD}
		{CAAC50EA-6ABD-4989-B01D-80119B8907E5} = {EB1CBBD7-9B48-4FA9-A4F2-771FF4DB37BD}
		{3A852E6E-13A8-46BA-96AC-F35AE7FF614D} = {EB1CBBD7-9B48-4FA9-A4F2-771FF4DB37BD}
		{6C781B29-B9FF-4E37-801C-FD37A1BA3BAF} = {EB1CBBD7-9B48-4FA9-A4F2-771FF4DB37BD}
		{41D91A7C-7938-4A8E-ADAF-9443C9AB8B7F} = {EB1CBBD7-9B48-4FA9-A4F2-771FF4DB37BD}
		{9AC3FCA8-F517-447C-A093-06417F259CA7} = {EB1CBBD7-9B48-4FA9-A4F2-771FF4DB37BD}
	EndGlobalSection
	GlobalSection(ExtensibilityGlobals) = postSolution
		SolutionGuid = {2621EC93-64F9-45FD-AB63-669D2EEFB18D}
	EndGlobalSection
EndGlobal
